
Microsoft Visual Studio Solution File, Format Version 12.00
# Visual Studio Version 16
VisualStudioVersion = 16.0.30128.74
MinimumVisualStudioVersion = 10.0.40219.1
Project("{FAE04EC0-301F-11D3-BF4B-00C04F79EFBC}") = "Helpers", "Helpers\Helpers.csproj", "{B8F90C41-C9EB-4282-A68D-348B9D6C8208}"
EndProject
Project("{FAE04EC0-301F-11D3-BF4B-00C04F79EFBC}") = "Helpers.Tests", "Helpers.Tests\Helpers.Tests.csproj", "{AA726649-488D-4B0D-A110-81B8E6CA3220}"
EndProject
Project("{FAE04EC0-301F-11D3-BF4B-00C04F79EFBC}") = "ShoppingCart", "ShoppingCart\ShoppingCart.csproj", "{1501970C-A4F6-4D03-A57F-1E3132713C37}"
EndProject
Project("{FAE04EC0-301F-11D3-BF4B-00C04F79EFBC}") = "ShoppingCart.Tests", "ShoppingCart.Tests\ShoppingCart.Tests.csproj", "{BE7DD411-B08D-4209-A066-AD3ACB2ED940}"
EndProject
Project("{FAE04EC0-301F-11D3-BF4B-00C04F79EFBC}") = "AssemblyLevel", "AssemblyLevel\AssemblyLevel.csproj", "{CD0E1392-36AD-4AF0-9332-F76DB10B0D2F}"
EndProject
Project("{FAE04EC0-301F-11D3-BF4B-00C04F79EFBC}") = "ExpectedException", "ExpectedException\ExpectedException.csproj", "{66F50F34-55C9-41A9-8FD5-2248ABAF04E0}"
EndProject
Project("{FAE04EC0-301F-11D3-BF4B-00C04F79EFBC}") = "ExpectedException.Tests", "ExpectedException.Tests\ExpectedException.Tests.csproj", "{19B0425E-1C3B-4C8A-B7C8-5DED098025D8}"
EndProject
Project("{FAE04EC0-301F-11D3-BF4B-00C04F79EFBC}") = "Asserts.Tests", "Asserts.Tests\Asserts.Tests.csproj", "{A6082296-3C7E-4FDF-8082-3200A7F696FB}"
EndProject
Project("{FAE04EC0-301F-11D3-BF4B-00C04F79EFBC}") = "CollectionsAssert.Tests", "CollectionsAssert.Tests\CollectionsAssert.Tests.csproj", "{68789C7B-C70F-4357-B33E-B0140E4C2A3B}"
EndProject
Project("{FAE04EC0-301F-11D3-BF4B-00C04F79EFBC}") = "StringAsserts.Tests", "StringAsserts.Tests\StringAsserts.Tests.csproj", "{85957871-9AE5-4067-ABB0-359E8788F90E}"
EndProject
Global
	GlobalSection(SolutionConfigurationPlatforms) = preSolution
		Debug|Any CPU = Debug|Any CPU
		Release|Any CPU = Release|Any CPU
	EndGlobalSection
	GlobalSection(ProjectConfigurationPlatforms) = postSolution
		{B8F90C41-C9EB-4282-A68D-348B9D6C8208}.Debug|Any CPU.ActiveCfg = Debug|Any CPU
		{B8F90C41-C9EB-4282-A68D-348B9D6C8208}.Debug|Any CPU.Build.0 = Debug|Any CPU
		{B8F90C41-C9EB-4282-A68D-348B9D6C8208}.Release|Any CPU.ActiveCfg = Release|Any CPU
		{B8F90C41-C9EB-4282-A68D-348B9D6C8208}.Release|Any CPU.Build.0 = Release|Any CPU
		{AA726649-488D-4B0D-A110-81B8E6CA3220}.Debug|Any CPU.ActiveCfg = Debug|Any CPU
		{AA726649-488D-4B0D-A110-81B8E6CA3220}.Debug|Any CPU.Build.0 = Debug|Any CPU
		{AA726649-488D-4B0D-A110-81B8E6CA3220}.Release|Any CPU.ActiveCfg = Release|Any CPU
		{AA726649-488D-4B0D-A110-81B8E6CA3220}.Release|Any CPU.Build.0 = Release|Any CPU
		{1501970C-A4F6-4D03-A57F-1E3132713C37}.Debug|Any CPU.ActiveCfg = Debug|Any CPU
		{1501970C-A4F6-4D03-A57F-1E3132713C37}.Debug|Any CPU.Build.0 = Debug|Any CPU
		{1501970C-A4F6-4D03-A57F-1E3132713C37}.Release|Any CPU.ActiveCfg = Release|Any CPU
		{1501970C-A4F6-4D03-A57F-1E3132713C37}.Release|Any CPU.Build.0 = Release|Any CPU
		{BE7DD411-B08D-4209-A066-AD3ACB2ED940}.Debug|Any CPU.ActiveCfg = Debug|Any CPU
		{BE7DD411-B08D-4209-A066-AD3ACB2ED940}.Debug|Any CPU.Build.0 = Debug|Any CPU
		{BE7DD411-B08D-4209-A066-AD3ACB2ED940}.Release|Any CPU.ActiveCfg = Release|Any CPU
		{BE7DD411-B08D-4209-A066-AD3ACB2ED940}.Release|Any CPU.Build.0 = Release|Any CPU
		{CD0E1392-36AD-4AF0-9332-F76DB10B0D2F}.Debug|Any CPU.ActiveCfg = Debug|Any CPU
		{CD0E1392-36AD-4AF0-9332-F76DB10B0D2F}.Debug|Any CPU.Build.0 = Debug|Any CPU
		{CD0E1392-36AD-4AF0-9332-F76DB10B0D2F}.Release|Any CPU.ActiveCfg = Release|Any CPU
		{CD0E1392-36AD-4AF0-9332-F76DB10B0D2F}.Release|Any CPU.Build.0 = Release|Any CPU
		{66F50F34-55C9-41A9-8FD5-2248ABAF04E0}.Debug|Any CPU.ActiveCfg = Debug|Any CPU
		{66F50F34-55C9-41A9-8FD5-2248ABAF04E0}.Debug|Any CPU.Build.0 = Debug|Any CPU
		{66F50F34-55C9-41A9-8FD5-2248ABAF04E0}.Release|Any CPU.ActiveCfg = Release|Any CPU
		{66F50F34-55C9-41A9-8FD5-2248ABAF04E0}.Release|Any CPU.Build.0 = Release|Any CPU
		{19B0425E-1C3B-4C8A-B7C8-5DED098025D8}.Debug|Any CPU.ActiveCfg = Debug|Any CPU
		{19B0425E-1C3B-4C8A-B7C8-5DED098025D8}.Debug|Any CPU.Build.0 = Debug|Any CPU
		{19B0425E-1C3B-4C8A-B7C8-5DED098025D8}.Release|Any CPU.ActiveCfg = Release|Any CPU
		{19B0425E-1C3B-4C8A-B7C8-5DED098025D8}.Release|Any CPU.Build.0 = Release|Any CPU
		{A6082296-3C7E-4FDF-8082-3200A7F696FB}.Debug|Any CPU.ActiveCfg = Debug|Any CPU
		{A6082296-3C7E-4FDF-8082-3200A7F696FB}.Debug|Any CPU.Build.0 = Debug|Any CPU
		{A6082296-3C7E-4FDF-8082-3200A7F696FB}.Release|Any CPU.ActiveCfg = Release|Any CPU
		{A6082296-3C7E-4FDF-8082-3200A7F696FB}.Release|Any CPU.Build.0 = Release|Any CPU
		{68789C7B-C70F-4357-B33E-B0140E4C2A3B}.Debug|Any CPU.ActiveCfg = Debug|Any CPU
		{68789C7B-C70F-4357-B33E-B0140E4C2A3B}.Debug|Any CPU.Build.0 = Debug|Any CPU
		{68789C7B-C70F-4357-B33E-B0140E4C2A3B}.Release|Any CPU.ActiveCfg = Release|Any CPU
		{68789C7B-C70F-4357-B33E-B0140E4C2A3B}.Release|Any CPU.Build.0 = Release|Any CPU
		{85957871-9AE5-4067-ABB0-359E8788F90E}.Debug|Any CPU.ActiveCfg = Debug|Any CPU
		{85957871-9AE5-4067-ABB0-359E8788F90E}.Debug|Any CPU.Build.0 = Debug|Any CPU
		{85957871-9AE5-4067-ABB0-359E8788F90E}.Release|Any CPU.ActiveCfg = Release|Any CPU
		{85957871-9AE5-4067-ABB0-359E8788F90E}.Release|Any CPU.Build.0 = Release|Any CPU
	EndGlobalSection
	GlobalSection(SolutionProperties) = preSolution
		HideSolutionNode = FALSE
	EndGlobalSection
	GlobalSection(ExtensibilityGlobals) = postSolution
		SolutionGuid = {D104E220-0652-4850-AF1D-4FA7CBAB65B8}
	EndGlobalSection
EndGlobal
